
Microsoft Visual Studio Solution File, Format Version 12.00
# Visual Studio Version 17
VisualStudioVersion = 17.13.35931.197
MinimumVisualStudioVersion = 10.0.40219.1
Project("{FAE04EC0-301F-11D3-BF4B-00C04F79EFBC}") = "ApplicationMessage", "ApplicationMessage\ApplicationMessage.csproj", "{C50FF1C7-B708-4F43-889B-63B088B11E8E}"
EndProject
Global
	GlobalSection(SolutionConfigurationPlatforms) = preSolution
		Debug|Any CPU = Debug|Any CPU
		Release|Any CPU = Release|Any CPU
	EndGlobalSection
	GlobalSection(ProjectConfigurationPlatforms) = postSolution
		{C50FF1C7-B708-4F43-889B-63B088B11E8E}.Debug|Any CPU.ActiveCfg = Debug|Any CPU
		{C50FF1C7-B708-4F43-889B-63B088B11E8E}.Debug|Any CPU.Build.0 = Debug|Any CPU
		{C50FF1C7-B708-4F43-889B-63B088B11E8E}.Release|Any CPU.ActiveCfg = Release|Any CPU
		{C50FF1C7-B708-4F43-889B-63B088B11E8E}.Release|Any CPU.Build.0 = Release|Any CPU
	EndGlobalSection
	GlobalSection(SolutionProperties) = preSolution
		HideSolutionNode = FALSE
	EndGlobalSection
	GlobalSection(ExtensibilityGlobals) = postSolution
		SolutionGuid = {5CEEB597-6C6A-4208-84FE-0AAA0AC1FD1B}
	EndGlobalSection
EndGlobal
